// !$*UTF8*$!
{
	archiveVersion = 1;
	classes = {
	};
	objectVersion = 77;
	objects = {

/* Begin PBXBuildFile section */
		C8F042F4F8E417F7D4E6E8B6 /* Pods_PicCoach.framework in Frameworks */ = {isa = PBXBuildFile; fileRef = 8B008C56C7B0DA8F85F5C909 /* Pods_PicCoach.framework */; };
		D99BB088FA9488C46356AF88 /* Pods_PicCoach_PicCoachUITests.framework in Frameworks */ = {isa = PBXBuildFile; fileRef = 2601A961C8E513DD286B4BAD /* Pods_PicCoach_PicCoachUITests.framework */; };
		FF3DD94ADC8EEC1C726579CF /* Pods_PicCoachTests.framework in Frameworks */ = {isa = PBXBuildFile; fileRef = AB487D994C83DA11221F13F1 /* Pods_PicCoachTests.framework */; };
/* End PBXBuildFile section */

/* Begin PBXContainerItemProxy section */
		6E7CCED92E4F44B30039FD08 /* PBXContainerItemProxy */ = {
			isa = PBXContainerItemProxy;
			containerPortal = 6E7CCEC02E4F44B10039FD08 /* Project object */;
			proxyType = 1;
			remoteGlobalIDString = 6E7CCEC72E4F44B10039FD08;
			remoteInfo = PicCoach;
		};
		6E7CCEE32E4F44B30039FD08 /* PBXContainerItemProxy */ = {
			isa = PBXContainerItemProxy;
			containerPortal = 6E7CCEC02E4F44B10039FD08 /* Project object */;
			proxyType = 1;
			remoteGlobalIDString = 6E7CCEC72E4F44B10039FD08;
			remoteInfo = PicCoach;
		};
/* End PBXContainerItemProxy section */

/* Begin PBXFileReference section */
		2601A961C8E513DD286B4BAD /* Pods_PicCoach_PicCoachUITests.framework */ = {isa = PBXFileReference; explicitFileType = wrapper.framework; includeInIndex = 0; path = Pods_PicCoach_PicCoachUITests.framework; sourceTree = BUILT_PRODUCTS_DIR; };
		31C7145F73498EE7800F60E2 /* Pods-PicCoach-PicCoachUITests.release.xcconfig */ = {isa = PBXFileReference; includeInIndex = 1; lastKnownFileType = text.xcconfig; name = "Pods-PicCoach-PicCoachUITests.release.xcconfig"; path = "Target Support Files/Pods-PicCoach-PicCoachUITests/Pods-PicCoach-PicCoachUITests.release.xcconfig"; sourceTree = "<group>"; };
		39F60A4D48D83B9CA7F2FEC3 /* Pods-PicCoach.release.xcconfig */ = {isa = PBXFileReference; includeInIndex = 1; lastKnownFileType = text.xcconfig; name = "Pods-PicCoach.release.xcconfig"; path = "Target Support Files/Pods-PicCoach/Pods-PicCoach.release.xcconfig"; sourceTree = "<group>"; };
		3F7B39EFB8CA08F1906EA0D3 /* Pods-PicCoachTests.release.xcconfig */ = {isa = PBXFileReference; includeInIndex = 1; lastKnownFileType = text.xcconfig; name = "Pods-PicCoachTests.release.xcconfig"; path = "Target Support Files/Pods-PicCoachTests/Pods-PicCoachTests.release.xcconfig"; sourceTree = "<group>"; };
		65941DAD764A6518D608DB51 /* Pods-PicCoachTests.debug.xcconfig */ = {isa = PBXFileReference; includeInIndex = 1; lastKnownFileType = text.xcconfig; name = "Pods-PicCoachTests.debug.xcconfig"; path = "Target Support Files/Pods-PicCoachTests/Pods-PicCoachTests.debug.xcconfig"; sourceTree = "<group>"; };
		6E7CCEC82E4F44B10039FD08 /* PicCoach.app */ = {isa = PBXFileReference; explicitFileType = wrapper.application; includeInIndex = 0; path = PicCoach.app; sourceTree = BUILT_PRODUCTS_DIR; };
		6E7CCED82E4F44B30039FD08 /* PicCoachTests.xctest */ = {isa = PBXFileReference; explicitFileType = wrapper.cfbundle; includeInIndex = 0; path = PicCoachTests.xctest; sourceTree = BUILT_PRODUCTS_DIR; };
		6E7CCEE22E4F44B30039FD08 /* PicCoachUITests.xctest */ = {isa = PBXFileReference; explicitFileType = wrapper.cfbundle; includeInIndex = 0; path = PicCoachUITests.xctest; sourceTree = BUILT_PRODUCTS_DIR; };
		8B008C56C7B0DA8F85F5C909 /* Pods_PicCoach.framework */ = {isa = PBXFileReference; explicitFileType = wrapper.framework; includeInIndex = 0; path = Pods_PicCoach.framework; sourceTree = BUILT_PRODUCTS_DIR; };
		AB487D994C83DA11221F13F1 /* Pods_PicCoachTests.framework */ = {isa = PBXFileReference; explicitFileType = wrapper.framework; includeInIndex = 0; path = Pods_PicCoachTests.framework; sourceTree = BUILT_PRODUCTS_DIR; };
		C30BFB8AB341EBC1E99B6430 /* Pods-PicCoach.debug.xcconfig */ = {isa = PBXFileReference; includeInIndex = 1; lastKnownFileType = text.xcconfig; name = "Pods-PicCoach.debug.xcconfig"; path = "Target Support Files/Pods-PicCoach/Pods-PicCoach.debug.xcconfig"; sourceTree = "<group>"; };
		E085A6B7D480196321096DE2 /* Pods-PicCoach-PicCoachUITests.debug.xcconfig */ = {isa = PBXFileReference; includeInIndex = 1; lastKnownFileType = text.xcconfig; name = "Pods-PicCoach-PicCoachUITests.debug.xcconfig"; path = "Target Support Files/Pods-PicCoach-PicCoachUITests/Pods-PicCoach-PicCoachUITests.debug.xcconfig"; sourceTree = "<group>"; };
/* End PBXFileReference section */

/* Begin PBXFileSystemSynchronizedBuildFileExceptionSet section */
		6E7CCF142E4F45D70039FD08 /* Exceptions for "PicCoach" folder in "PicCoach" target */ = {
			isa = PBXFileSystemSynchronizedBuildFileExceptionSet;
			membershipExceptions = (
				Info.plist,
			);
			target = 6E7CCEC72E4F44B10039FD08 /* PicCoach */;
		};
/* End PBXFileSystemSynchronizedBuildFileExceptionSet section */

/* Begin PBXFileSystemSynchronizedRootGroup section */
		6E7CCECA2E4F44B10039FD08 /* PicCoach */ = {
			isa = PBXFileSystemSynchronizedRootGroup;
			exceptions = (
				6E7CCF142E4F45D70039FD08 /* Exceptions for "PicCoach" folder in "PicCoach" target */,
			);
			path = PicCoach;
			sourceTree = "<group>";
		};
		6E7CCEDB2E4F44B30039FD08 /* PicCoachTests */ = {
			isa = PBXFileSystemSynchronizedRootGroup;
			path = PicCoachTests;
			sourceTree = "<group>";
		};
		6E7CCEE52E4F44B30039FD08 /* PicCoachUITests */ = {
			isa = PBXFileSystemSynchronizedRootGroup;
			path = PicCoachUITests;
			sourceTree = "<group>";
		};
/* End PBXFileSystemSynchronizedRootGroup section */

/* Begin PBXFrameworksBuildPhase section */
		6E7CCEC52E4F44B10039FD08 /* Frameworks */ = {
			isa = PBXFrameworksBuildPhase;
			buildActionMask = 2147483647;
			files = (
				C8F042F4F8E417F7D4E6E8B6 /* Pods_PicCoach.framework in Frameworks */,
			);
			runOnlyForDeploymentPostprocessing = 0;
		};
		6E7CCED52E4F44B30039FD08 /* Frameworks */ = {
			isa = PBXFrameworksBuildPhase;
			buildActionMask = 2147483647;
			files = (
				FF3DD94ADC8EEC1C726579CF /* Pods_PicCoachTests.framework in Frameworks */,
			);
			runOnlyForDeploymentPostprocessing = 0;
		};
		6E7CCEDF2E4F44B30039FD08 /* Frameworks */ = {
			isa = PBXFrameworksBuildPhase;
			buildActionMask = 2147483647;
			files = (
				D99BB088FA9488C46356AF88 /* Pods_PicCoach_PicCoachUITests.framework in Frameworks */,
			);
			runOnlyForDeploymentPostprocessing = 0;
		};
/* End PBXFrameworksBuildPhase section */

/* Begin PBXGroup section */
		184DBA5568E3777B63346CA6 /* Frameworks */ = {
			isa = PBXGroup;
			children = (
				8B008C56C7B0DA8F85F5C909 /* Pods_PicCoach.framework */,
				2601A961C8E513DD286B4BAD /* Pods_PicCoach_PicCoachUITests.framework */,
				AB487D994C83DA11221F13F1 /* Pods_PicCoachTests.framework */,
			);
			name = Frameworks;
			sourceTree = "<group>";
		};
		1D27DA6F6E8AE0850A2BF3F3 /* Pods */ = {
			isa = PBXGroup;
			children = (
				C30BFB8AB341EBC1E99B6430 /* Pods-PicCoach.debug.xcconfig */,
				39F60A4D48D83B9CA7F2FEC3 /* Pods-PicCoach.release.xcconfig */,
				E085A6B7D480196321096DE2 /* Pods-PicCoach-PicCoachUITests.debug.xcconfig */,
				31C7145F73498EE7800F60E2 /* Pods-PicCoach-PicCoachUITests.release.xcconfig */,
				65941DAD764A6518D608DB51 /* Pods-PicCoachTests.debug.xcconfig */,
				3F7B39EFB8CA08F1906EA0D3 /* Pods-PicCoachTests.release.xcconfig */,
			);
			path = Pods;
			sourceTree = "<group>";
		};
		6E7CCEBF2E4F44B10039FD08 = {
			isa = PBXGroup;
			children = (
				6E7CCECA2E4F44B10039FD08 /* PicCoach */,
				6E7CCEDB2E4F44B30039FD08 /* PicCoachTests */,
				6E7CCEE52E4F44B30039FD08 /* PicCoachUITests */,
				6E7CCEC92E4F44B10039FD08 /* Products */,
				1D27DA6F6E8AE0850A2BF3F3 /* Pods */,
				184DBA5568E3777B63346CA6 /* Frameworks */,
			);
			sourceTree = "<group>";
		};
		6E7CCEC92E4F44B10039FD08 /* Products */ = {
			isa = PBXGroup;
			children = (
				6E7CCEC82E4F44B10039FD08 /* PicCoach.app */,
				6E7CCED82E4F44B30039FD08 /* PicCoachTests.xctest */,
				6E7CCEE22E4F44B30039FD08 /* PicCoachUITests.xctest */,
			);
			name = Products;
			sourceTree = "<group>";
		};
/* End PBXGroup section */

/* Begin PBXNativeTarget section */
		6E7CCEC72E4F44B10039FD08 /* PicCoach */ = {
			isa = PBXNativeTarget;
			buildConfigurationList = 6E7CCEEC2E4F44B30039FD08 /* Build configuration list for PBXNativeTarget "PicCoach" */;
			buildPhases = (
				EA32537A21B65C0884765593 /* [CP] Check Pods Manifest.lock */,
				6E7CCEC42E4F44B10039FD08 /* Sources */,
				6E7CCEC52E4F44B10039FD08 /* Frameworks */,
				6E7CCEC62E4F44B10039FD08 /* Resources */,
			);
			buildRules = (
			);
			dependencies = (
			);
			fileSystemSynchronizedGroups = (
				6E7CCECA2E4F44B10039FD08 /* PicCoach */,
			);
			name = PicCoach;
			productName = PicCoach;
			productReference = 6E7CCEC82E4F44B10039FD08 /* PicCoach.app */;
			productType = "com.apple.product-type.application";
		};
		6E7CCED72E4F44B30039FD08 /* PicCoachTests */ = {
			isa = PBXNativeTarget;
			buildConfigurationList = 6E7CCEEF2E4F44B30039FD08 /* Build configuration list for PBXNativeTarget "PicCoachTests" */;
			buildPhases = (
				524E96040A26289545464D5A /* [CP] Check Pods Manifest.lock */,
				6E7CCED42E4F44B30039FD08 /* Sources */,
				6E7CCED52E4F44B30039FD08 /* Frameworks */,
				6E7CCED62E4F44B30039FD08 /* Resources */,
			);
			buildRules = (
			);
			dependencies = (
				6E7CCEDA2E4F44B30039FD08 /* PBXTargetDependency */,
			);
			fileSystemSynchronizedGroups = (
				6E7CCEDB2E4F44B30039FD08 /* PicCoachTests */,
			);
			name = PicCoachTests;
			productName = PicCoachTests;
			productReference = 6E7CCED82E4F44B30039FD08 /* PicCoachTests.xctest */;
			productType = "com.apple.product-type.bundle.unit-test";
		};
		6E7CCEE12E4F44B30039FD08 /* PicCoachUITests */ = {
			isa = PBXNativeTarget;
			buildConfigurationList = 6E7CCEF22E4F44B30039FD08 /* Build configuration list for PBXNativeTarget "PicCoachUITests" */;
			buildPhases = (
				6F21BE18890366DA55FF0C14 /* [CP] Check Pods Manifest.lock */,
				6E7CCEDE2E4F44B30039FD08 /* Sources */,
				6E7CCEDF2E4F44B30039FD08 /* Frameworks */,
				6E7CCEE02E4F44B30039FD08 /* Resources */,
			);
			buildRules = (
			);
			dependencies = (
				6E7CCEE42E4F44B30039FD08 /* PBXTargetDependency */,
			);
			fileSystemSynchronizedGroups = (
				6E7CCEE52E4F44B30039FD08 /* PicCoachUITests */,
			);
			name = PicCoachUITests;
			productName = PicCoachUITests;
			productReference = 6E7CCEE22E4F44B30039FD08 /* PicCoachUITests.xctest */;
			productType = "com.apple.product-type.bundle.ui-testing";
		};
/* End PBXNativeTarget section */

/* Begin PBXProject section */
		6E7CCEC02E4F44B10039FD08 /* Project object */ = {
			isa = PBXProject;
			attributes = {
				BuildIndependentTargetsInParallel = 1;
				LastSwiftUpdateCheck = 1620;
				LastUpgradeCheck = 1620;
				TargetAttributes = {
					6E7CCEC72E4F44B10039FD08 = {
						CreatedOnToolsVersion = 16.2;
					};
					6E7CCED72E4F44B30039FD08 = {
						CreatedOnToolsVersion = 16.2;
						TestTargetID = 6E7CCEC72E4F44B10039FD08;
					};
					6E7CCEE12E4F44B30039FD08 = {
						CreatedOnToolsVersion = 16.2;
						TestTargetID = 6E7CCEC72E4F44B10039FD08;
					};
				};
			};
			buildConfigurationList = 6E7CCEC32E4F44B10039FD08 /* Build configuration list for PBXProject "PicCoach" */;
			developmentRegion = en;
			hasScannedForEncodings = 0;
			knownRegions = (
				en,
				Base,
			);
			mainGroup = 6E7CCEBF2E4F44B10039FD08;
			minimizedProjectReferenceProxies = 1;
			preferredProjectObjectVersion = 77;
			productRefGroup = 6E7CCEC92E4F44B10039FD08 /* Products */;
			projectDirPath = "";
			projectRoot = "";
			targets = (
				6E7CCEC72E4F44B10039FD08 /* PicCoach */,
				6E7CCED72E4F44B30039FD08 /* PicCoachTests */,
				6E7CCEE12E4F44B30039FD08 /* PicCoachUITests */,
			);
		};
/* End PBXProject section */

/* Begin PBXResourcesBuildPhase section */
		6E7CCEC62E4F44B10039FD08 /* Resources */ = {
			isa = PBXResourcesBuildPhase;
			buildActionMask = 2147483647;
			files = (
			);
			runOnlyForDeploymentPostprocessing = 0;
		};
		6E7CCED62E4F44B30039FD08 /* Resources */ = {
			isa = PBXResourcesBuildPhase;
			buildActionMask = 2147483647;
			files = (
			);
			runOnlyForDeploymentPostprocessing = 0;
		};
		6E7CCEE02E4F44B30039FD08 /* Resources */ = {
			isa = PBXResourcesBuildPhase;
			buildActionMask = 2147483647;
			files = (
			);
			runOnlyForDeploymentPostprocessing = 0;
		};
/* End PBXResourcesBuildPhase section */

/* Begin PBXShellScriptBuildPhase section */
		524E96040A26289545464D5A /* [CP] Check Pods Manifest.lock */ = {
			isa = PBXShellScriptBuildPhase;
			buildActionMask = 2147483647;
			files = (
			);
			inputFileListPaths = (
			);
			inputPaths = (
				"${PODS_PODFILE_DIR_PATH}/Podfile.lock",
				"${PODS_ROOT}/Manifest.lock",
			);
			name = "[CP] Check Pods Manifest.lock";
			outputFileListPaths = (
			);
			outputPaths = (
				"$(DERIVED_FILE_DIR)/Pods-PicCoachTests-checkManifestLockResult.txt",
			);
			runOnlyForDeploymentPostprocessing = 0;
			shellPath = /bin/sh;
			shellScript = "diff \"${PODS_PODFILE_DIR_PATH}/Podfile.lock\" \"${PODS_ROOT}/Manifest.lock\" > /dev/null\nif [ $? != 0 ] ; then\n    # print error to STDERR\n    echo \"error: The sandbox is not in sync with the Podfile.lock. Run 'pod install' or update your CocoaPods installation.\" >&2\n    exit 1\nfi\n# This output is used by Xcode 'outputs' to avoid re-running this script phase.\necho \"SUCCESS\" > \"${SCRIPT_OUTPUT_FILE_0}\"\n";
			showEnvVarsInLog = 0;
		};
		6F21BE18890366DA55FF0C14 /* [CP] Check Pods Manifest.lock */ = {
			isa = PBXShellScriptBuildPhase;
			buildActionMask = 2147483647;
			files = (
			);
			inputFileListPaths = (
			);
			inputPaths = (
				"${PODS_PODFILE_DIR_PATH}/Podfile.lock",
				"${PODS_ROOT}/Manifest.lock",
			);
			name = "[CP] Check Pods Manifest.lock";
			outputFileListPaths = (
			);
			outputPaths = (
				"$(DERIVED_FILE_DIR)/Pods-PicCoach-PicCoachUITests-checkManifestLockResult.txt",
			);
			runOnlyForDeploymentPostprocessing = 0;
			shellPath = /bin/sh;
			shellScript = "diff \"${PODS_PODFILE_DIR_PATH}/Podfile.lock\" \"${PODS_ROOT}/Manifest.lock\" > /dev/null\nif [ $? != 0 ] ; then\n    # print error to STDERR\n    echo \"error: The sandbox is not in sync with the Podfile.lock. Run 'pod install' or update your CocoaPods installation.\" >&2\n    exit 1\nfi\n# This output is used by Xcode 'outputs' to avoid re-running this script phase.\necho \"SUCCESS\" > \"${SCRIPT_OUTPUT_FILE_0}\"\n";
			showEnvVarsInLog = 0;
		};
		EA32537A21B65C0884765593 /* [CP] Check Pods Manifest.lock */ = {
			isa = PBXShellScriptBuildPhase;
			buildActionMask = 2147483647;
			files = (
			);
			inputFileListPaths = (
			);
			inputPaths = (
				"${PODS_PODFILE_DIR_PATH}/Podfile.lock",
				"${PODS_ROOT}/Manifest.lock",
			);
			name = "[CP] Check Pods Manifest.lock";
			outputFileListPaths = (
			);
			outputPaths = (
				"$(DERIVED_FILE_DIR)/Pods-PicCoach-checkManifestLockResult.txt",
			);
			runOnlyForDeploymentPostprocessing = 0;
			shellPath = /bin/sh;
			shellScript = "diff \"${PODS_PODFILE_DIR_PATH}/Podfile.lock\" \"${PODS_ROOT}/Manifest.lock\" > /dev/null\nif [ $? != 0 ] ; then\n    # print error to STDERR\n    echo \"error: The sandbox is not in sync with the Podfile.lock. Run 'pod install' or update your CocoaPods installation.\" >&2\n    exit 1\nfi\n# This output is used by Xcode 'outputs' to avoid re-running this script phase.\necho \"SUCCESS\" > \"${SCRIPT_OUTPUT_FILE_0}\"\n";
			showEnvVarsInLog = 0;
		};
/* End PBXShellScriptBuildPhase section */

/* Begin PBXSourcesBuildPhase section */
		6E7CCEC42E4F44B10039FD08 /* Sources */ = {
			isa = PBXSourcesBuildPhase;
			buildActionMask = 2147483647;
			files = (
			);
			runOnlyForDeploymentPostprocessing = 0;
		};
		6E7CCED42E4F44B30039FD08 /* Sources */ = {
			isa = PBXSourcesBuildPhase;
			buildActionMask = 2147483647;
			files = (
			);
			runOnlyForDeploymentPostprocessing = 0;
		};
		6E7CCEDE2E4F44B30039FD08 /* Sources */ = {
			isa = PBXSourcesBuildPhase;
			buildActionMask = 2147483647;
			files = (
			);
			runOnlyForDeploymentPostprocessing = 0;
		};
/* End PBXSourcesBuildPhase section */

/* Begin PBXTargetDependency section */
		6E7CCEDA2E4F44B30039FD08 /* PBXTargetDependency */ = {
			isa = PBXTargetDependency;
			target = 6E7CCEC72E4F44B10039FD08 /* PicCoach */;
			targetProxy = 6E7CCED92E4F44B30039FD08 /* PBXContainerItemProxy */;
		};
		6E7CCEE42E4F44B30039FD08 /* PBXTargetDependency */ = {
			isa = PBXTargetDependency;
			target = 6E7CCEC72E4F44B10039FD08 /* PicCoach */;
			targetProxy = 6E7CCEE32E4F44B30039FD08 /* PBXContainerItemProxy */;
		};
/* End PBXTargetDependency section */

/* Begin XCBuildConfiguration section */
		6E7CCEEA2E4F44B30039FD08 /* Debug */ = {
			isa = XCBuildConfiguration;
			buildSettings = {
				ALWAYS_SEARCH_USER_PATHS = NO;
				ASSETCATALOG_COMPILER_GENERATE_SWIFT_ASSET_SYMBOL_EXTENSIONS = YES;
				CLANG_ANALYZER_NONNULL = YES;
				CLANG_ANALYZER_NUMBER_OBJECT_CONVERSION = YES_AGGRESSIVE;
				CLANG_CXX_LANGUAGE_STANDARD = "gnu++20";
				CLANG_ENABLE_MODULES = YES;
				CLANG_ENABLE_OBJC_ARC = YES;
				CLANG_ENABLE_OBJC_WEAK = YES;
				CLANG_WARN_BLOCK_CAPTURE_AUTORELEASING = YES;
				CLANG_WARN_BOOL_CONVERSION = YES;
				CLANG_WARN_COMMA = YES;
				CLANG_WARN_CONSTANT_CONVERSION = YES;
				CLANG_WARN_DEPRECATED_OBJC_IMPLEMENTATIONS = YES;
				CLANG_WARN_DIRECT_OBJC_ISA_USAGE = YES_ERROR;
				CLANG_WARN_DOCUMENTATION_COMMENTS = YES;
				CLANG_WARN_EMPTY_BODY = YES;
				CLANG_WARN_ENUM_CONVERSION = YES;
				CLANG_WARN_INFINITE_RECURSION = YES;
				CLANG_WARN_INT_CONVERSION = YES;
				CLANG_WARN_NON_LITERAL_NULL_CONVERSION = YES;
				CLANG_WARN_OBJC_IMPLICIT_RETAIN_SELF = YES;
				CLANG_WARN_OBJC_LITERAL_CONVERSION = YES;
				CLANG_WARN_OBJC_ROOT_CLASS = YES_ERROR;
				CLANG_WARN_QUOTED_INCLUDE_IN_FRAMEWORK_HEADER = YES;
				CLANG_WARN_RANGE_LOOP_ANALYSIS = YES;
				CLANG_WARN_STRICT_PROTOTYPES = YES;
				CLANG_WARN_SUSPICIOUS_MOVE = YES;
				CLANG_WARN_UNGUARDED_AVAILABILITY = YES_AGGRESSIVE;
				CLANG_WARN_UNREACHABLE_CODE = YES;
				CLANG_WARN__DUPLICATE_METHOD_MATCH = YES;
				COPY_PHASE_STRIP = NO;
				DEBUG_INFORMATION_FORMAT = dwarf;
				ENABLE_STRICT_OBJC_MSGSEND = YES;
				ENABLE_TESTABILITY = YES;
				ENABLE_USER_SCRIPT_SANDBOXING = YES;
				GCC_C_LANGUAGE_STANDARD = gnu17;
				GCC_DYNAMIC_NO_PIC = NO;
				GCC_NO_COMMON_BLOCKS = YES;
				GCC_OPTIMIZATION_LEVEL = 0;
				GCC_PREPROCESSOR_DEFINITIONS = (
					"DEBUG=1",
					"$(inherited)",
				);
				GCC_WARN_64_TO_32_BIT_CONVERSION = YES;
				GCC_WARN_ABOUT_RETURN_TYPE = YES_ERROR;
				GCC_WARN_UNDECLARED_SELECTOR = YES;
				GCC_WARN_UNINITIALIZED_AUTOS = YES_AGGRESSIVE;
				GCC_WARN_UNUSED_FUNCTION = YES;
				GCC_WARN_UNUSED_VARIABLE = YES;
				IPHONEOS_DEPLOYMENT_TARGET = 18.2;
				LOCALIZATION_PREFERS_STRING_CATALOGS = YES;
				MTL_ENABLE_DEBUG_INFO = INCLUDE_SOURCE;
				MTL_FAST_MATH = YES;
				ONLY_ACTIVE_ARCH = YES;
				SDKROOT = iphoneos;
				SWIFT_ACTIVE_COMPILATION_CONDITIONS = "DEBUG $(inherited)";
				SWIFT_OPTIMIZATION_LEVEL = "-Onone";
			};
			name = Debug;
		};
		6E7CCEEB2E4F44B30039FD08 /* Release */ = {
			isa = XCBuildConfiguration;
			buildSettings = {
				ALWAYS_SEARCH_USER_PATHS = NO;
				ASSETCATALOG_COMPILER_GENERATE_SWIFT_ASSET_SYMBOL_EXTENSIONS = YES;
				CLANG_ANALYZER_NONNULL = YES;
				CLANG_ANALYZER_NUMBER_OBJECT_CONVERSION = YES_AGGRESSIVE;
				CLANG_CXX_LANGUAGE_STANDARD = "gnu++20";
				CLANG_ENABLE_MODULES = YES;
				CLANG_ENABLE_OBJC_ARC = YES;
				CLANG_ENABLE_OBJC_WEAK = YES;
				CLANG_WARN_BLOCK_CAPTURE_AUTORELEASING = YES;
				CLANG_WARN_BOOL_CONVERSION = YES;
				CLANG_WARN_COMMA = YES;
				CLANG_WARN_CONSTANT_CONVERSION = YES;
				CLANG_WARN_DEPRECATED_OBJC_IMPLEMENTATIONS = YES;
				CLANG_WARN_DIRECT_OBJC_ISA_USAGE = YES_ERROR;
				CLANG_WARN_DOCUMENTATION_COMMENTS = YES;
				CLANG_WARN_EMPTY_BODY = YES;
				CLANG_WARN_ENUM_CONVERSION = YES;
				CLANG_WARN_INFINITE_RECURSION = YES;
				CLANG_WARN_INT_CONVERSION = YES;
				CLANG_WARN_NON_LITERAL_NULL_CONVERSION = YES;
				CLANG_WARN_OBJC_IMPLICIT_RETAIN_SELF = YES;
				CLANG_WARN_OBJC_LITERAL_CONVERSION = YES;
				CLANG_WARN_OBJC_ROOT_CLASS = YES_ERROR;
				CLANG_WARN_QUOTED_INCLUDE_IN_FRAMEWORK_HEADER = YES;
				CLANG_WARN_RANGE_LOOP_ANALYSIS = YES;
				CLANG_WARN_STRICT_PROTOTYPES = YES;
				CLANG_WARN_SUSPICIOUS_MOVE = YES;
				CLANG_WARN_UNGUARDED_AVAILABILITY = YES_AGGRESSIVE;
				CLANG_WARN_UNREACHABLE_CODE = YES;
				CLANG_WARN__DUPLICATE_METHOD_MATCH = YES;
				COPY_PHASE_STRIP = NO;
				DEBUG_INFORMATION_FORMAT = "dwarf-with-dsym";
				ENABLE_NS_ASSERTIONS = NO;
				ENABLE_STRICT_OBJC_MSGSEND = YES;
				ENABLE_USER_SCRIPT_SANDBOXING = YES;
				GCC_C_LANGUAGE_STANDARD = gnu17;
				GCC_NO_COMMON_BLOCKS = YES;
				GCC_WARN_64_TO_32_BIT_CONVERSION = YES;
				GCC_WARN_ABOUT_RETURN_TYPE = YES_ERROR;
				GCC_WARN_UNDECLARED_SELECTOR = YES;
				GCC_WARN_UNINITIALIZED_AUTOS = YES_AGGRESSIVE;
				GCC_WARN_UNUSED_FUNCTION = YES;
				GCC_WARN_UNUSED_VARIABLE = YES;
				IPHONEOS_DEPLOYMENT_TARGET = 18.2;
				LOCALIZATION_PREFERS_STRING_CATALOGS = YES;
				MTL_ENABLE_DEBUG_INFO = NO;
				MTL_FAST_MATH = YES;
				SDKROOT = iphoneos;
				SWIFT_COMPILATION_MODE = wholemodule;
				VALIDATE_PRODUCT = YES;
			};
			name = Release;
		};
		6E7CCEED2E4F44B30039FD08 /* Debug */ = {
			isa = XCBuildConfiguration;
			baseConfigurationReference = C30BFB8AB341EBC1E99B6430 /* Pods-PicCoach.debug.xcconfig */;
			buildSettings = {
				ASSETCATALOG_COMPILER_APPICON_NAME = AppIcon;
				ASSETCATALOG_COMPILER_GLOBAL_ACCENT_COLOR_NAME = AccentColor;
				CODE_SIGN_STYLE = Automatic;
				CURRENT_PROJECT_VERSION = 1;
				DEVELOPMENT_ASSET_PATHS = "\"PicCoach/Preview Content\"";
				ENABLE_PREVIEWS = YES;
				GENERATE_INFOPLIST_FILE = YES;
				INFOPLIST_FILE = PicCoach/Info.plist;
				INFOPLIST_KEY_UIApplicationSceneManifest_Generation = YES;
				INFOPLIST_KEY_UIApplicationSupportsIndirectInputEvents = YES;
				INFOPLIST_KEY_UILaunchScreen_Generation = YES;
				INFOPLIST_KEY_UISupportedInterfaceOrientations_iPad = "UIInterfaceOrientationPortrait UIInterfaceOrientationPortraitUpsideDown UIInterfaceOrientationLandscapeLeft UIInterfaceOrientationLandscapeRight";
				INFOPLIST_KEY_UISupportedInterfaceOrientations_iPhone = "UIInterfaceOrientationPortrait UIInterfaceOrientationLandscapeLeft UIInterfaceOrientationLandscapeRight";
				LD_RUNPATH_SEARCH_PATHS = (
					"$(inherited)",
					"@executable_path/Frameworks",
				);
				MARKETING_VERSION = 1.0;
				PRODUCT_BUNDLE_IDENTIFIER = hh.PicCoach;
				PRODUCT_NAME = "$(TARGET_NAME)";
				SWIFT_EMIT_LOC_STRINGS = YES;
				SWIFT_VERSION = 5.0;
				TARGETED_DEVICE_FAMILY = "1,2";
			};
			name = Debug;
		};
		6E7CCEEE2E4F44B30039FD08 /* Release */ = {
			isa = XCBuildConfiguration;
			baseConfigurationReference = 39F60A4D48D83B9CA7F2FEC3 /* Pods-PicCoach.release.xcconfig */;
			buildSettings = {
				ASSETCATALOG_COMPILER_APPICON_NAME = AppIcon;
				ASSETCATALOG_COMPILER_GLOBAL_ACCENT_COLOR_NAME = AccentColor;
				CODE_SIGN_STYLE = Automatic;
				CURRENT_PROJECT_VERSION = 1;
				DEVELOPMENT_ASSET_PATHS = "\"PicCoach/Preview Content\"";
				ENABLE_PREVIEWS = YES;
				GENERATE_INFOPLIST_FILE = YES;
				INFOPLIST_FILE = PicCoach/Info.plist;
				INFOPLIST_KEY_UIApplicationSceneManifest_Generation = YES;
				INFOPLIST_KEY_UIApplicationSupportsIndirectInputEvents = YES;
				INFOPLIST_KEY_UILaunchScreen_Generation = YES;
				INFOPLIST_KEY_UISupportedInterfaceOrientations_iPad = "UIInterfaceOrientationPortrait UIInterfaceOrientationPortraitUpsideDown UIInterfaceOrientationLandscapeLeft UIInterfaceOrientationLandscapeRight";
				INFOPLIST_KEY_UISupportedInterfaceOrientations_iPhone = "UIInterfaceOrientationPortrait UIInterfaceOrientationLandscapeLeft UIInterfaceOrientationLandscapeRight";
				LD_RUNPATH_SEARCH_PATHS = (
					"$(inherited)",
					"@executable_path/Frameworks",
				);
				MARKETING_VERSION = 1.0;
				PRODUCT_BUNDLE_IDENTIFIER = hh.PicCoach;
				PRODUCT_NAME = "$(TARGET_NAME)";
				SWIFT_EMIT_LOC_STRINGS = YES;
				SWIFT_VERSION = 5.0;
				TARGETED_DEVICE_FAMILY = "1,2";
			};
			name = Release;
		};
		6E7CCEF02E4F44B30039FD08 /* Debug */ = {
			isa = XCBuildConfiguration;
			baseConfigurationReference = 65941DAD764A6518D608DB51 /* Pods-PicCoachTests.debug.xcconfig */;
			buildSettings = {
				BUNDLE_LOADER = "$(TEST_HOST)";
				CODE_SIGN_STYLE = Automatic;
				CURRENT_PROJECT_VERSION = 1;
				GENERATE_INFOPLIST_FILE = YES;
				IPHONEOS_DEPLOYMENT_TARGET = 18.2;
				MARKETING_VERSION = 1.0;
				PRODUCT_BUNDLE_IDENTIFIER = hh.PicCoachTests;
				PRODUCT_NAME = "$(TARGET_NAME)";
				SWIFT_EMIT_LOC_STRINGS = NO;
				SWIFT_VERSION = 5.0;
				TARGETED_DEVICE_FAMILY = "1,2";
				TEST_HOST = "$(BUILT_PRODUCTS_DIR)/PicCoach.app/$(BUNDLE_EXECUTABLE_FOLDER_PATH)/PicCoach";
			};
			name = Debug;
		};
		6E7CCEF12E4F44B30039FD08 /* Release */ = {
			isa = XCBuildConfiguration;
			baseConfigurationReference = 3F7B39EFB8CA08F1906EA0D3 /* Pods-PicCoachTests.release.xcconfig */;
			buildSettings = {
				BUNDLE_LOADER = "$(TEST_HOST)";
				CODE_SIGN_STYLE = Automatic;
				CURRENT_PROJECT_VERSION = 1;
				GENERATE_INFOPLIST_FILE = YES;
				IPHONEOS_DEPLOYMENT_TARGET = 18.2;
				MARKETING_VERSION = 1.0;
				PRODUCT_BUNDLE_IDENTIFIER = hh.PicCoachTests;
				PRODUCT_NAME = "$(TARGET_NAME)";
				SWIFT_EMIT_LOC_STRINGS = NO;
				SWIFT_VERSION = 5.0;
				TARGETED_DEVICE_FAMILY = "1,2";
				TEST_HOST = "$(BUILT_PRODUCTS_DIR)/PicCoach.app/$(BUNDLE_EXECUTABLE_FOLDER_PATH)/PicCoach";
			};
			name = Release;
		};
		6E7CCEF32E4F44B30039FD08 /* Debug */ = {
			isa = XCBuildConfiguration;
			baseConfigurationReference = E085A6B7D480196321096DE2 /* Pods-PicCoach-PicCoachUITests.debug.xcconfig */;
			buildSettings = {
				CODE_SIGN_STYLE = Automatic;
				CURRENT_PROJECT_VERSION = 1;
				GENERATE_INFOPLIST_FILE = YES;
				MARKETING_VERSION = 1.0;
				PRODUCT_BUNDLE_IDENTIFIER = hh.PicCoachUITests;
				PRODUCT_NAME = "$(TARGET_NAME)";
				SWIFT_EMIT_LOC_STRINGS = NO;
				SWIFT_VERSION = 5.0;
				TARGETED_DEVICE_FAMILY = "1,2";
				TEST_TARGET_NAME = PicCoach;
			};
			name = Debug;
		};
		6E7CCEF42E4F44B30039FD08 /* Release */ = {
			isa = XCBuildConfiguration;
			baseConfigurationReference = 31C7145F73498EE7800F60E2 /* Pods-PicCoach-PicCoachUITests.release.xcconfig */;
			buildSettings = {
				CODE_SIGN_STYLE = Automatic;
				CURRENT_PROJECT_VERSION = 1;
				GENERATE_INFOPLIST_FILE = YES;
				MARKETING_VERSION = 1.0;
				PRODUCT_BUNDLE_IDENTIFIER = hh.PicCoachUITests;
				PRODUCT_NAME = "$(TARGET_NAME)";
				SWIFT_EMIT_LOC_STRINGS = NO;
				SWIFT_VERSION = 5.0;
				TARGETED_DEVICE_FAMILY = "1,2";
				TEST_TARGET_NAME = PicCoach;
			};
			name = Release;
		};
/* End XCBuildConfiguration section */

/* Begin XCConfigurationList section */
		6E7CCEC32E4F44B10039FD08 /* Build configuration list for PBXProject "PicCoach" */ = {
			isa = XCConfigurationList;
			buildConfigurations = (
				6E7CCEEA2E4F44B30039FD08 /* Debug */,
				6E7CCEEB2E4F44B30039FD08 /* Release */,
			);
			defaultConfigurationIsVisible = 0;
			defaultConfigurationName = Release;
		};
		6E7CCEEC2E4F44B30039FD08 /* Build configuration list for PBXNativeTarget "PicCoach" */ = {
			isa = XCConfigurationList;
			buildConfigurations = (
				6E7CCEED2E4F44B30039FD08 /* Debug */,
				6E7CCEEE2E4F44B30039FD08 /* Release */,
			);
			defaultConfigurationIsVisible = 0;
			defaultConfigurationName = Release;
		};
		6E7CCEEF2E4F44B30039FD08 /* Build configuration list for PBXNativeTarget "PicCoachTests" */ = {
			isa = XCConfigurationList;
			buildConfigurations = (
				6E7CCEF02E4F44B30039FD08 /* Debug */,
				6E7CCEF12E4F44B30039FD08 /* Release */,
			);
			defaultConfigurationIsVisible = 0;
			defaultConfigurationName = Release;
		};
		6E7CCEF22E4F44B30039FD08 /* Build configuration list for PBXNativeTarget "PicCoachUITests" */ = {
			isa = XCConfigurationList;
			buildConfigurations = (
				6E7CCEF32E4F44B30039FD08 /* Debug */,
				6E7CCEF42E4F44B30039FD08 /* Release */,
			);
			defaultConfigurationIsVisible = 0;
			defaultConfigurationName = Release;
		};
/* End XCConfigurationList section */
	};
	rootObject = 6E7CCEC02E4F44B10039FD08 /* Project object */;
}
